
Microsoft Visual Studio Solution File, Format Version 12.00
# Visual Studio 14
VisualStudioVersion = 14.0.25420.1
MinimumVisualStudioVersion = 10.0.40219.1
Project("{FAE04EC0-301F-11D3-BF4B-00C04F79EFBC}") = "Project", "Project\Project.csproj", "{0DDF306E-8B25-4350-975F-A55CA2BFE1CA}"
EndProject
Project("{FAE04EC0-301F-11D3-BF4B-00C04F79EFBC}") = "DAL", "DAL\DAL.csproj", "{8A5BE68D-57CD-492F-87F3-22457D66950D}"
EndProject
Project("{FAE04EC0-301F-11D3-BF4B-00C04F79EFBC}") = "BAL", "BAL\BAL.csproj", "{5E8B6D59-6113-43B6-B5D3-0171B09EA005}"
EndProject
Global
	GlobalSection(SolutionConfigurationPlatforms) = preSolution
		Debug|Any CPU = Debug|Any CPU
		Release|Any CPU = Release|Any CPU
	EndGlobalSection
	GlobalSection(ProjectConfigurationPlatforms) = postSolution
		{0DDF306E-8B25-4350-975F-A55CA2BFE1CA}.Debug|Any CPU.ActiveCfg = Debug|Any CPU
		{0DDF306E-8B25-4350-975F-A55CA2BFE1CA}.Debug|Any CPU.Build.0 = Debug|Any CPU
		{0DDF306E-8B25-4350-975F-A55CA2BFE1CA}.Release|Any CPU.ActiveCfg = Release|Any CPU
		{0DDF306E-8B25-4350-975F-A55CA2BFE1CA}.Release|Any CPU.Build.0 = Release|Any CPU
		{8A5BE68D-57CD-492F-87F3-22457D66950D}.Debug|Any CPU.ActiveCfg = Debug|Any CPU
		{8A5BE68D-57CD-492F-87F3-22457D66950D}.Debug|Any CPU.Build.0 = Debug|Any CPU
		{8A5BE68D-57CD-492F-87F3-22457D66950D}.Release|Any CPU.ActiveCfg = Release|Any CPU
		{8A5BE68D-57CD-492F-87F3-22457D66950D}.Release|Any CPU.Build.0 = Release|Any CPU
		{5E8B6D59-6113-43B6-B5D3-0171B09EA005}.Debug|Any CPU.ActiveCfg = Debug|Any CPU
		{5E8B6D59-6113-43B6-B5D3-0171B09EA005}.Debug|Any CPU.Build.0 = Debug|Any CPU
		{5E8B6D59-6113-43B6-B5D3-0171B09EA005}.Release|Any CPU.ActiveCfg = Release|Any CPU
		{5E8B6D59-6113-43B6-B5D3-0171B09EA005}.Release|Any CPU.Build.0 = Release|Any CPU
	EndGlobalSection
	GlobalSection(SolutionProperties) = preSolution
		HideSolutionNode = FALSE
	EndGlobalSection
EndGlobal
